
Microsoft Visual Studio Solution File, Format Version 12.00
# Visual Studio Version 16
VisualStudioVersion = 16.0.30011.22
MinimumVisualStudioVersion = 10.0.40219.1
Project("{FAE04EC0-301F-11D3-BF4B-00C04F79EFBC}") = "SignalRChat", "SignalRChat\SignalRChat.csproj", "{DEF5F90D-AE62-4100-BE2B-85BA3099E6B8}"
EndProject
Global
	GlobalSection(SolutionConfigurationPlatforms) = preSolution
		Debug|Any CPU = Debug|Any CPU
		Release|Any CPU = Release|Any CPU
	EndGlobalSection
	GlobalSection(ProjectConfigurationPlatforms) = postSolution
		{DEF5F90D-AE62-4100-BE2B-85BA3099E6B8}.Debug|Any CPU.ActiveCfg = Debug|Any CPU
		{DEF5F90D-AE62-4100-BE2B-85BA3099E6B8}.Debug|Any CPU.Build.0 = Debug|Any CPU
		{DEF5F90D-AE62-4100-BE2B-85BA3099E6B8}.Release|Any CPU.ActiveCfg = Release|Any CPU
		{DEF5F90D-AE62-4100-BE2B-85BA3099E6B8}.Release|Any CPU.Build.0 = Release|Any CPU
	EndGlobalSection
	GlobalSection(SolutionProperties) = preSolution
		HideSolutionNode = FALSE
	EndGlobalSection
	GlobalSection(ExtensibilityGlobals) = postSolution
		SolutionGuid = {A97CCB5E-90DE-484A-9AB2-DCAB633F4DE1}
	EndGlobalSection
EndGlobal
